// !$*UTF8*$!
{
	archiveVersion = 1;
	classes = {
	};
	objectVersion = 46;
	objects = {

/* Begin PBXBuildFile section */
		4B5216F8B6ACCC19463F4B41 /* Pods_FreeWeddingApp.framework in Frameworks */ = {isa = PBXBuildFile; fileRef = C3CC23CD6FA1996CA64145E8 /* Pods_FreeWeddingApp.framework */; };
		752633561ED95768001BF521 /* AppDelegate.swift in Sources */ = {isa = PBXBuildFile; fileRef = 752633551ED95768001BF521 /* AppDelegate.swift */; };
		752633581ED95768001BF521 /* ViewController.swift in Sources */ = {isa = PBXBuildFile; fileRef = 752633571ED95768001BF521 /* ViewController.swift */; };
		7526335B1ED95768001BF521 /* Main.storyboard in Resources */ = {isa = PBXBuildFile; fileRef = 752633591ED95768001BF521 /* Main.storyboard */; };
		7526335D1ED95768001BF521 /* Assets.xcassets in Resources */ = {isa = PBXBuildFile; fileRef = 7526335C1ED95768001BF521 /* Assets.xcassets */; };
		752633601ED95768001BF521 /* LaunchScreen.storyboard in Resources */ = {isa = PBXBuildFile; fileRef = 7526335E1ED95768001BF521 /* LaunchScreen.storyboard */; };
		7526336B1ED95768001BF521 /* FreeWeddingAppTests.swift in Sources */ = {isa = PBXBuildFile; fileRef = 7526336A1ED95768001BF521 /* FreeWeddingAppTests.swift */; };
		752633761ED95768001BF521 /* FreeWeddingAppUITests.swift in Sources */ = {isa = PBXBuildFile; fileRef = 752633751ED95768001BF521 /* FreeWeddingAppUITests.swift */; };
		B8BFBF771EDE5E1500CC0540 /* FWLibraryHeader.swift in Sources */ = {isa = PBXBuildFile; fileRef = B8BFBF751EDE5E1500CC0540 /* FWLibraryHeader.swift */; };
		B8BFBF781EDE5E1500CC0540 /* FWUtils.swift in Sources */ = {isa = PBXBuildFile; fileRef = B8BFBF761EDE5E1500CC0540 /* FWUtils.swift */; };
/* End PBXBuildFile section */

/* Begin PBXContainerItemProxy section */
		752633671ED95768001BF521 /* PBXContainerItemProxy */ = {
			isa = PBXContainerItemProxy;
			containerPortal = 7526334A1ED95768001BF521 /* Project object */;
			proxyType = 1;
			remoteGlobalIDString = 752633511ED95768001BF521;
			remoteInfo = FreeWeddingApp;
		};
		752633721ED95768001BF521 /* PBXContainerItemProxy */ = {
			isa = PBXContainerItemProxy;
			containerPortal = 7526334A1ED95768001BF521 /* Project object */;
			proxyType = 1;
			remoteGlobalIDString = 752633511ED95768001BF521;
			remoteInfo = FreeWeddingApp;
		};
/* End PBXContainerItemProxy section */

/* Begin PBXFileReference section */
		6145F929C879F453FFDDFEBD /* Pods-FreeWeddingApp.debug.xcconfig */ = {isa = PBXFileReference; includeInIndex = 1; lastKnownFileType = text.xcconfig; name = "Pods-FreeWeddingApp.debug.xcconfig"; path = "Pods/Target Support Files/Pods-FreeWeddingApp/Pods-FreeWeddingApp.debug.xcconfig"; sourceTree = "<group>"; };
		752633521ED95768001BF521 /* FreeWeddingApp.app */ = {isa = PBXFileReference; explicitFileType = wrapper.application; includeInIndex = 0; path = FreeWeddingApp.app; sourceTree = BUILT_PRODUCTS_DIR; };
		752633551ED95768001BF521 /* AppDelegate.swift */ = {isa = PBXFileReference; lastKnownFileType = sourcecode.swift; path = AppDelegate.swift; sourceTree = "<group>"; };
		752633571ED95768001BF521 /* ViewController.swift */ = {isa = PBXFileReference; lastKnownFileType = sourcecode.swift; path = ViewController.swift; sourceTree = "<group>"; };
		7526335A1ED95768001BF521 /* Base */ = {isa = PBXFileReference; lastKnownFileType = file.storyboard; name = Base; path = Base.lproj/Main.storyboard; sourceTree = "<group>"; };
		7526335C1ED95768001BF521 /* Assets.xcassets */ = {isa = PBXFileReference; lastKnownFileType = folder.assetcatalog; path = Assets.xcassets; sourceTree = "<group>"; };
		7526335F1ED95768001BF521 /* Base */ = {isa = PBXFileReference; lastKnownFileType = file.storyboard; name = Base; path = Base.lproj/LaunchScreen.storyboard; sourceTree = "<group>"; };
		752633611ED95768001BF521 /* Info.plist */ = {isa = PBXFileReference; lastKnownFileType = text.plist.xml; name = Info.plist; path = ../FreeWeddingApp/Info.plist; sourceTree = "<group>"; };
		752633661ED95768001BF521 /* FreeWeddingAppTests.xctest */ = {isa = PBXFileReference; explicitFileType = wrapper.cfbundle; includeInIndex = 0; path = FreeWeddingAppTests.xctest; sourceTree = BUILT_PRODUCTS_DIR; };
		7526336A1ED95768001BF521 /* FreeWeddingAppTests.swift */ = {isa = PBXFileReference; lastKnownFileType = sourcecode.swift; path = FreeWeddingAppTests.swift; sourceTree = "<group>"; };
		7526336C1ED95768001BF521 /* Info.plist */ = {isa = PBXFileReference; lastKnownFileType = text.plist.xml; path = Info.plist; sourceTree = "<group>"; };
		752633711ED95768001BF521 /* FreeWeddingAppUITests.xctest */ = {isa = PBXFileReference; explicitFileType = wrapper.cfbundle; includeInIndex = 0; path = FreeWeddingAppUITests.xctest; sourceTree = BUILT_PRODUCTS_DIR; };
		752633751ED95768001BF521 /* FreeWeddingAppUITests.swift */ = {isa = PBXFileReference; lastKnownFileType = sourcecode.swift; path = FreeWeddingAppUITests.swift; sourceTree = "<group>"; };
		752633771ED95768001BF521 /* Info.plist */ = {isa = PBXFileReference; lastKnownFileType = text.plist.xml; path = Info.plist; sourceTree = "<group>"; };
		A1311B68A48D46CFB4BA9603 /* Pods-FreeWeddingApp.release.xcconfig */ = {isa = PBXFileReference; includeInIndex = 1; lastKnownFileType = text.xcconfig; name = "Pods-FreeWeddingApp.release.xcconfig"; path = "Pods/Target Support Files/Pods-FreeWeddingApp/Pods-FreeWeddingApp.release.xcconfig"; sourceTree = "<group>"; };
		B8BFBF751EDE5E1500CC0540 /* FWLibraryHeader.swift */ = {isa = PBXFileReference; fileEncoding = 4; lastKnownFileType = sourcecode.swift; path = FWLibraryHeader.swift; sourceTree = "<group>"; };
		B8BFBF761EDE5E1500CC0540 /* FWUtils.swift */ = {isa = PBXFileReference; fileEncoding = 4; lastKnownFileType = sourcecode.swift; path = FWUtils.swift; sourceTree = "<group>"; };
		C3CC23CD6FA1996CA64145E8 /* Pods_FreeWeddingApp.framework */ = {isa = PBXFileReference; explicitFileType = wrapper.framework; includeInIndex = 0; path = Pods_FreeWeddingApp.framework; sourceTree = BUILT_PRODUCTS_DIR; };
/* End PBXFileReference section */

/* Begin PBXFrameworksBuildPhase section */
		7526334F1ED95768001BF521 /* Frameworks */ = {
			isa = PBXFrameworksBuildPhase;
			buildActionMask = 2147483647;
			files = (
				4B5216F8B6ACCC19463F4B41 /* Pods_FreeWeddingApp.framework in Frameworks */,
			);
			runOnlyForDeploymentPostprocessing = 0;
		};
		752633631ED95768001BF521 /* Frameworks */ = {
			isa = PBXFrameworksBuildPhase;
			buildActionMask = 2147483647;
			files = (
			);
			runOnlyForDeploymentPostprocessing = 0;
		};
		7526336E1ED95768001BF521 /* Frameworks */ = {
			isa = PBXFrameworksBuildPhase;
			buildActionMask = 2147483647;
			files = (
			);
			runOnlyForDeploymentPostprocessing = 0;
		};
/* End PBXFrameworksBuildPhase section */

/* Begin PBXGroup section */
		5BB676EAC7227E118AB2DA7D /* Pods */ = {
			isa = PBXGroup;
			children = (
				6145F929C879F453FFDDFEBD /* Pods-FreeWeddingApp.debug.xcconfig */,
				A1311B68A48D46CFB4BA9603 /* Pods-FreeWeddingApp.release.xcconfig */,
			);
			name = Pods;
			sourceTree = "<group>";
		};
		752633491ED95768001BF521 = {
			isa = PBXGroup;
			children = (
				B8BFBF741EDE5E1500CC0540 /* FWConfigure(配置) */,
				B8BFBF631EDE5DA000CC0540 /* FWLibrary(轮子) */,
				B8BFBF641EDE5DA000CC0540 /* FWProject（业务） */,
				752633541ED95768001BF521 /* FreeWeddingApp */,
				752633691ED95768001BF521 /* FreeWeddingAppTests */,
				752633741ED95768001BF521 /* FreeWeddingAppUITests */,
				752633531ED95768001BF521 /* Products */,
				5BB676EAC7227E118AB2DA7D /* Pods */,
				9919D6FFFE23FA414FC4CF04 /* Frameworks */,
			);
			sourceTree = "<group>";
		};
		752633531ED95768001BF521 /* Products */ = {
			isa = PBXGroup;
			children = (
				752633521ED95768001BF521 /* FreeWeddingApp.app */,
				752633661ED95768001BF521 /* FreeWeddingAppTests.xctest */,
				752633711ED95768001BF521 /* FreeWeddingAppUITests.xctest */,
			);
			name = Products;
			sourceTree = "<group>";
		};
		752633541ED95768001BF521 /* FreeWeddingApp */ = {
			isa = PBXGroup;
			children = (
				752633551ED95768001BF521 /* AppDelegate.swift */,
				752633571ED95768001BF521 /* ViewController.swift */,
				752633591ED95768001BF521 /* Main.storyboard */,
				7526335C1ED95768001BF521 /* Assets.xcassets */,
				7526335E1ED95768001BF521 /* LaunchScreen.storyboard */,
			);
			path = FreeWeddingApp;
			sourceTree = "<group>";
		};
		752633691ED95768001BF521 /* FreeWeddingAppTests */ = {
			isa = PBXGroup;
			children = (
				7526336A1ED95768001BF521 /* FreeWeddingAppTests.swift */,
				7526336C1ED95768001BF521 /* Info.plist */,
			);
			path = FreeWeddingAppTests;
			sourceTree = "<group>";
		};
		752633741ED95768001BF521 /* FreeWeddingAppUITests */ = {
			isa = PBXGroup;
			children = (
				752633611ED95768001BF521 /* Info.plist */,
				752633751ED95768001BF521 /* FreeWeddingAppUITests.swift */,
				752633771ED95768001BF521 /* Info.plist */,
			);
			path = FreeWeddingAppUITests;
			sourceTree = "<group>";
		};
		9919D6FFFE23FA414FC4CF04 /* Frameworks */ = {
			isa = PBXGroup;
			children = (
				C3CC23CD6FA1996CA64145E8 /* Pods_FreeWeddingApp.framework */,
			);
			name = Frameworks;
			sourceTree = "<group>";
		};
		B8BFBF631EDE5DA000CC0540 /* FWLibrary(轮子) */ = {
			isa = PBXGroup;
			children = (
			);
			name = "FWLibrary(轮子)";
			path = FWAPP/FWLibrary;
			sourceTree = "<group>";
		};
		B8BFBF641EDE5DA000CC0540 /* FWProject（业务） */ = {
			isa = PBXGroup;
			children = (
			);
			name = "FWProject（业务）";
			path = FWAPP/FWProject;
			sourceTree = "<group>";
		};
		B8BFBF741EDE5E1500CC0540 /* FWConfigure(配置) */ = {
			isa = PBXGroup;
			children = (
				B8BFBF751EDE5E1500CC0540 /* FWLibraryHeader.swift */,
				B8BFBF761EDE5E1500CC0540 /* FWUtils.swift */,
			);
			name = "FWConfigure(配置)";
			path = FWAPP/FWConfigure;
			sourceTree = "<group>";
		};
/* End PBXGroup section */

/* Begin PBXNativeTarget section */
		752633511ED95768001BF521 /* FreeWeddingApp */ = {
			isa = PBXNativeTarget;
			buildConfigurationList = 7526337A1ED95768001BF521 /* Build configuration list for PBXNativeTarget "FreeWeddingApp" */;
			buildPhases = (
				CE64E80E9D8297BAA1F72611 /* [CP] Check Pods Manifest.lock */,
				7526334E1ED95768001BF521 /* Sources */,
				7526334F1ED95768001BF521 /* Frameworks */,
				752633501ED95768001BF521 /* Resources */,
				6E8B4ED61DBDFE461240D664 /* [CP] Embed Pods Frameworks */,
				3741CE3F5229E6943076D3E9 /* [CP] Copy Pods Resources */,
			);
			buildRules = (
			);
			dependencies = (
			);
			name = FreeWeddingApp;
			productName = FreeWeddingApp;
			productReference = 752633521ED95768001BF521 /* FreeWeddingApp.app */;
			productType = "com.apple.product-type.application";
		};
		752633651ED95768001BF521 /* FreeWeddingAppTests */ = {
			isa = PBXNativeTarget;
			buildConfigurationList = 7526337D1ED95768001BF521 /* Build configuration list for PBXNativeTarget "FreeWeddingAppTests" */;
			buildPhases = (
				752633621ED95768001BF521 /* Sources */,
				752633631ED95768001BF521 /* Frameworks */,
				752633641ED95768001BF521 /* Resources */,
			);
			buildRules = (
			);
			dependencies = (
				752633681ED95768001BF521 /* PBXTargetDependency */,
			);
			name = FreeWeddingAppTests;
			productName = FreeWeddingAppTests;
			productReference = 752633661ED95768001BF521 /* FreeWeddingAppTests.xctest */;
			productType = "com.apple.product-type.bundle.unit-test";
		};
		752633701ED95768001BF521 /* FreeWeddingAppUITests */ = {
			isa = PBXNativeTarget;
			buildConfigurationList = 752633801ED95768001BF521 /* Build configuration list for PBXNativeTarget "FreeWeddingAppUITests" */;
			buildPhases = (
				7526336D1ED95768001BF521 /* Sources */,
				7526336E1ED95768001BF521 /* Frameworks */,
				7526336F1ED95768001BF521 /* Resources */,
			);
			buildRules = (
			);
			dependencies = (
				752633731ED95768001BF521 /* PBXTargetDependency */,
			);
			name = FreeWeddingAppUITests;
			productName = FreeWeddingAppUITests;
			productReference = 752633711ED95768001BF521 /* FreeWeddingAppUITests.xctest */;
			productType = "com.apple.product-type.bundle.ui-testing";
		};
/* End PBXNativeTarget section */

/* Begin PBXProject section */
		7526334A1ED95768001BF521 /* Project object */ = {
			isa = PBXProject;
			attributes = {
				LastSwiftUpdateCheck = 0830;
				LastUpgradeCheck = 0830;
				ORGANIZATIONNAME = sc;
				TargetAttributes = {
					752633511ED95768001BF521 = {
						CreatedOnToolsVersion = 8.3.2;
						DevelopmentTeam = HE23288EE8;
						ProvisioningStyle = Automatic;
					};
					752633651ED95768001BF521 = {
						CreatedOnToolsVersion = 8.3.2;
						DevelopmentTeam = HE23288EE8;
						ProvisioningStyle = Automatic;
						TestTargetID = 752633511ED95768001BF521;
					};
					752633701ED95768001BF521 = {
						CreatedOnToolsVersion = 8.3.2;
						DevelopmentTeam = HE23288EE8;
						ProvisioningStyle = Automatic;
						TestTargetID = 752633511ED95768001BF521;
					};
				};
			};
			buildConfigurationList = 7526334D1ED95768001BF521 /* Build configuration list for PBXProject "FreeWeddingApp" */;
			compatibilityVersion = "Xcode 3.2";
			developmentRegion = English;
			hasScannedForEncodings = 0;
			knownRegions = (
				en,
				Base,
			);
			mainGroup = 752633491ED95768001BF521;
			productRefGroup = 752633531ED95768001BF521 /* Products */;
			projectDirPath = "";
			projectRoot = "";
			targets = (
				752633511ED95768001BF521 /* FreeWeddingApp */,
				752633651ED95768001BF521 /* FreeWeddingAppTests */,
				752633701ED95768001BF521 /* FreeWeddingAppUITests */,
			);
		};
/* End PBXProject section */

/* Begin PBXResourcesBuildPhase section */
		752633501ED95768001BF521 /* Resources */ = {
			isa = PBXResourcesBuildPhase;
			buildActionMask = 2147483647;
			files = (
				752633601ED95768001BF521 /* LaunchScreen.storyboard in Resources */,
				7526335D1ED95768001BF521 /* Assets.xcassets in Resources */,
				7526335B1ED95768001BF521 /* Main.storyboard in Resources */,
			);
			runOnlyForDeploymentPostprocessing = 0;
		};
		752633641ED95768001BF521 /* Resources */ = {
			isa = PBXResourcesBuildPhase;
			buildActionMask = 2147483647;
			files = (
			);
			runOnlyForDeploymentPostprocessing = 0;
		};
		7526336F1ED95768001BF521 /* Resources */ = {
			isa = PBXResourcesBuildPhase;
			buildActionMask = 2147483647;
			files = (
			);
			runOnlyForDeploymentPostprocessing = 0;
		};
/* End PBXResourcesBuildPhase section */

/* Begin PBXShellScriptBuildPhase section */
		3741CE3F5229E6943076D3E9 /* [CP] Copy Pods Resources */ = {
			isa = PBXShellScriptBuildPhase;
			buildActionMask = 2147483647;
			files = (
			);
			inputPaths = (
			);
			name = "[CP] Copy Pods Resources";
			outputPaths = (
			);
			runOnlyForDeploymentPostprocessing = 0;
			shellPath = /bin/sh;
			shellScript = "\"${SRCROOT}/Pods/Target Support Files/Pods-FreeWeddingApp/Pods-FreeWeddingApp-resources.sh\"\n";
			showEnvVarsInLog = 0;
		};
		6E8B4ED61DBDFE461240D664 /* [CP] Embed Pods Frameworks */ = {
			isa = PBXShellScriptBuildPhase;
			buildActionMask = 2147483647;
			files = (
			);
			inputPaths = (
			);
			name = "[CP] Embed Pods Frameworks";
			outputPaths = (
			);
			runOnlyForDeploymentPostprocessing = 0;
			shellPath = /bin/sh;
			shellScript = "\"${SRCROOT}/Pods/Target Support Files/Pods-FreeWeddingApp/Pods-FreeWeddingApp-frameworks.sh\"\n";
			showEnvVarsInLog = 0;
		};
		CE64E80E9D8297BAA1F72611 /* [CP] Check Pods Manifest.lock */ = {
			isa = PBXShellScriptBuildPhase;
			buildActionMask = 2147483647;
			files = (
			);
			inputPaths = (
			);
			name = "[CP] Check Pods Manifest.lock";
			outputPaths = (
			);
			runOnlyForDeploymentPostprocessing = 0;
			shellPath = /bin/sh;
			shellScript = "diff \"${PODS_ROOT}/../Podfile.lock\" \"${PODS_ROOT}/Manifest.lock\" > /dev/null\nif [ $? != 0 ] ; then\n    # print error to STDERR\n    echo \"error: The sandbox is not in sync with the Podfile.lock. Run 'pod install' or update your CocoaPods installation.\" >&2\n    exit 1\nfi\n";
			showEnvVarsInLog = 0;
		};
/* End PBXShellScriptBuildPhase section */

/* Begin PBXSourcesBuildPhase section */
		7526334E1ED95768001BF521 /* Sources */ = {
			isa = PBXSourcesBuildPhase;
			buildActionMask = 2147483647;
			files = (
				B8BFBF771EDE5E1500CC0540 /* FWLibraryHeader.swift in Sources */,
				752633581ED95768001BF521 /* ViewController.swift in Sources */,
				752633561ED95768001BF521 /* AppDelegate.swift in Sources */,
				B8BFBF781EDE5E1500CC0540 /* FWUtils.swift in Sources */,
			);
			runOnlyForDeploymentPostprocessing = 0;
		};
		752633621ED95768001BF521 /* Sources */ = {
			isa = PBXSourcesBuildPhase;
			buildActionMask = 2147483647;
			files = (
				7526336B1ED95768001BF521 /* FreeWeddingAppTests.swift in Sources */,
			);
			runOnlyForDeploymentPostprocessing = 0;
		};
		7526336D1ED95768001BF521 /* Sources */ = {
			isa = PBXSourcesBuildPhase;
			buildActionMask = 2147483647;
			files = (
				752633761ED95768001BF521 /* FreeWeddingAppUITests.swift in Sources */,
			);
			runOnlyForDeploymentPostprocessing = 0;
		};
/* End PBXSourcesBuildPhase section */

/* Begin PBXTargetDependency section */
		752633681ED95768001BF521 /* PBXTargetDependency */ = {
			isa = PBXTargetDependency;
			target = 752633511ED95768001BF521 /* FreeWeddingApp */;
			targetProxy = 752633671ED95768001BF521 /* PBXContainerItemProxy */;
		};
		752633731ED95768001BF521 /* PBXTargetDependency */ = {
			isa = PBXTargetDependency;
			target = 752633511ED95768001BF521 /* FreeWeddingApp */;
			targetProxy = 752633721ED95768001BF521 /* PBXContainerItemProxy */;
		};
/* End PBXTargetDependency section */

/* Begin PBXVariantGroup section */
		752633591ED95768001BF521 /* Main.storyboard */ = {
			isa = PBXVariantGroup;
			children = (
				7526335A1ED95768001BF521 /* Base */,
			);
			name = Main.storyboard;
			sourceTree = "<group>";
		};
		7526335E1ED95768001BF521 /* LaunchScreen.storyboard */ = {
			isa = PBXVariantGroup;
			children = (
				7526335F1ED95768001BF521 /* Base */,
			);
			name = LaunchScreen.storyboard;
			sourceTree = "<group>";
		};
/* End PBXVariantGroup section */

/* Begin XCBuildConfiguration section */
		752633781ED95768001BF521 /* Debug */ = {
			isa = XCBuildConfiguration;
			buildSettings = {
				ALWAYS_SEARCH_USER_PATHS = NO;
				CLANG_ANALYZER_NONNULL = YES;
				CLANG_ANALYZER_NUMBER_OBJECT_CONVERSION = YES_AGGRESSIVE;
				CLANG_CXX_LANGUAGE_STANDARD = "gnu++0x";
				CLANG_CXX_LIBRARY = "libc++";
				CLANG_ENABLE_MODULES = YES;
				CLANG_ENABLE_OBJC_ARC = YES;
				CLANG_WARN_BOOL_CONVERSION = YES;
				CLANG_WARN_CONSTANT_CONVERSION = YES;
				CLANG_WARN_DIRECT_OBJC_ISA_USAGE = YES_ERROR;
				CLANG_WARN_DOCUMENTATION_COMMENTS = YES;
				CLANG_WARN_EMPTY_BODY = YES;
				CLANG_WARN_ENUM_CONVERSION = YES;
				CLANG_WARN_INFINITE_RECURSION = YES;
				CLANG_WARN_INT_CONVERSION = YES;
				CLANG_WARN_OBJC_ROOT_CLASS = YES_ERROR;
				CLANG_WARN_SUSPICIOUS_MOVE = YES;
				CLANG_WARN_UNREACHABLE_CODE = YES;
				CLANG_WARN__DUPLICATE_METHOD_MATCH = YES;
				"CODE_SIGN_IDENTITY[sdk=iphoneos*]" = "iPhone Developer";
				COPY_PHASE_STRIP = NO;
				DEBUG_INFORMATION_FORMAT = dwarf;
				ENABLE_STRICT_OBJC_MSGSEND = YES;
				ENABLE_TESTABILITY = YES;
				GCC_C_LANGUAGE_STANDARD = gnu99;
				GCC_DYNAMIC_NO_PIC = NO;
				GCC_NO_COMMON_BLOCKS = YES;
				GCC_OPTIMIZATION_LEVEL = 0;
				GCC_PREPROCESSOR_DEFINITIONS = (
					"DEBUG=1",
					"$(inherited)",
				);
				GCC_WARN_64_TO_32_BIT_CONVERSION = YES;
				GCC_WARN_ABOUT_RETURN_TYPE = YES_ERROR;
				GCC_WARN_UNDECLARED_SELECTOR = YES;
				GCC_WARN_UNINITIALIZED_AUTOS = YES_AGGRESSIVE;
				GCC_WARN_UNUSED_FUNCTION = YES;
				GCC_WARN_UNUSED_VARIABLE = YES;
				IPHONEOS_DEPLOYMENT_TARGET = 10.3;
				MTL_ENABLE_DEBUG_INFO = YES;
				ONLY_ACTIVE_ARCH = YES;
				SDKROOT = iphoneos;
				SWIFT_ACTIVE_COMPILATION_CONDITIONS = DEBUG;
				SWIFT_OPTIMIZATION_LEVEL = "-Onone";
				TARGETED_DEVICE_FAMILY = "1,2";
			};
			name = Debug;
		};
		752633791ED95768001BF521 /* Release */ = {
			isa = XCBuildConfiguration;
			buildSettings = {
				ALWAYS_SEARCH_USER_PATHS = NO;
				CLANG_ANALYZER_NONNULL = YES;
				CLANG_ANALYZER_NUMBER_OBJECT_CONVERSION = YES_AGGRESSIVE;
				CLANG_CXX_LANGUAGE_STANDARD = "gnu++0x";
				CLANG_CXX_LIBRARY = "libc++";
				CLANG_ENABLE_MODULES = YES;
				CLANG_ENABLE_OBJC_ARC = YES;
				CLANG_WARN_BOOL_CONVERSION = YES;
				CLANG_WARN_CONSTANT_CONVERSION = YES;
				CLANG_WARN_DIRECT_OBJC_ISA_USAGE = YES_ERROR;
				CLANG_WARN_DOCUMENTATION_COMMENTS = YES;
				CLANG_WARN_EMPTY_BODY = YES;
				CLANG_WARN_ENUM_CONVERSION = YES;
				CLANG_WARN_INFINITE_RECURSION = YES;
				CLANG_WARN_INT_CONVERSION = YES;
				CLANG_WARN_OBJC_ROOT_CLASS = YES_ERROR;
				CLANG_WARN_SUSPICIOUS_MOVE = YES;
				CLANG_WARN_UNREACHABLE_CODE = YES;
				CLANG_WARN__DUPLICATE_METHOD_MATCH = YES;
				"CODE_SIGN_IDENTITY[sdk=iphoneos*]" = "iPhone Developer";
				COPY_PHASE_STRIP = NO;
				DEBUG_INFORMATION_FORMAT = "dwarf-with-dsym";
				ENABLE_NS_ASSERTIONS = NO;
				ENABLE_STRICT_OBJC_MSGSEND = YES;
				GCC_C_LANGUAGE_STANDARD = gnu99;
				GCC_NO_COMMON_BLOCKS = YES;
				GCC_WARN_64_TO_32_BIT_CONVERSION = YES;
				GCC_WARN_ABOUT_RETURN_TYPE = YES_ERROR;
				GCC_WARN_UNDECLARED_SELECTOR = YES;
				GCC_WARN_UNINITIALIZED_AUTOS = YES_AGGRESSIVE;
				GCC_WARN_UNUSED_FUNCTION = YES;
				GCC_WARN_UNUSED_VARIABLE = YES;
				IPHONEOS_DEPLOYMENT_TARGET = 10.3;
				MTL_ENABLE_DEBUG_INFO = NO;
				SDKROOT = iphoneos;
				SWIFT_OPTIMIZATION_LEVEL = "-Owholemodule";
				TARGETED_DEVICE_FAMILY = "1,2";
				VALIDATE_PRODUCT = YES;
			};
			name = Release;
		};
		7526337B1ED95768001BF521 /* Debug */ = {
			isa = XCBuildConfiguration;
			baseConfigurationReference = 6145F929C879F453FFDDFEBD /* Pods-FreeWeddingApp.debug.xcconfig */;
			buildSettings = {
				ASSETCATALOG_COMPILER_APPICON_NAME = AppIcon;
				DEVELOPMENT_TEAM = HE23288EE8;
				INFOPLIST_FILE = FreeWeddingApp/Info.plist;
				LD_RUNPATH_SEARCH_PATHS = "$(inherited) @executable_path/Frameworks";
				PRODUCT_BUNDLE_IDENTIFIER = sc.FreeWeddingApp;
				PRODUCT_NAME = "$(TARGET_NAME)";
				SWIFT_VERSION = 3.0;
			};
			name = Debug;
		};
		7526337C1ED95768001BF521 /* Release */ = {
			isa = XCBuildConfiguration;
			baseConfigurationReference = A1311B68A48D46CFB4BA9603 /* Pods-FreeWeddingApp.release.xcconfig */;
			buildSettings = {
				ASSETCATALOG_COMPILER_APPICON_NAME = AppIcon;
				DEVELOPMENT_TEAM = HE23288EE8;
				INFOPLIST_FILE = FreeWeddingApp/Info.plist;
				LD_RUNPATH_SEARCH_PATHS = "$(inherited) @executable_path/Frameworks";
				PRODUCT_BUNDLE_IDENTIFIER = sc.FreeWeddingApp;
				PRODUCT_NAME = "$(TARGET_NAME)";
				SWIFT_VERSION = 3.0;
			};
			name = Release;
		};
		7526337E1ED95768001BF521 /* Debug */ = {
			isa = XCBuildConfiguration;
			buildSettings = {
				ALWAYS_EMBED_SWIFT_STANDARD_LIBRARIES = YES;
				BUNDLE_LOADER = "$(TEST_HOST)";
				DEVELOPMENT_TEAM = HE23288EE8;
				INFOPLIST_FILE = FreeWeddingAppTests/Info.plist;
				LD_RUNPATH_SEARCH_PATHS = "$(inherited) @executable_path/Frameworks @loader_path/Frameworks";
				PRODUCT_BUNDLE_IDENTIFIER = sc.FreeWeddingAppTests;
				PRODUCT_NAME = "$(TARGET_NAME)";
				SWIFT_VERSION = 3.0;
				TEST_HOST = "$(BUILT_PRODUCTS_DIR)/FreeWeddingApp.app/FreeWeddingApp";
			};
			name = Debug;
		};
		7526337F1ED95768001BF521 /* Release */ = {
			isa = XCBuildConfiguration;
			buildSettings = {
				ALWAYS_EMBED_SWIFT_STANDARD_LIBRARIES = YES;
				BUNDLE_LOADER = "$(TEST_HOST)";
				DEVELOPMENT_TEAM = HE23288EE8;
				INFOPLIST_FILE = FreeWeddingAppTests/Info.plist;
				LD_RUNPATH_SEARCH_PATHS = "$(inherited) @executable_path/Frameworks @loader_path/Frameworks";
				PRODUCT_BUNDLE_IDENTIFIER = sc.FreeWeddingAppTests;
				PRODUCT_NAME = "$(TARGET_NAME)";
				SWIFT_VERSION = 3.0;
				TEST_HOST = "$(BUILT_PRODUCTS_DIR)/FreeWeddingApp.app/FreeWeddingApp";
			};
			name = Release;
		};
		752633811ED95768001BF521 /* Debug */ = {
			isa = XCBuildConfiguration;
			buildSettings = {
				ALWAYS_EMBED_SWIFT_STANDARD_LIBRARIES = YES;
				DEVELOPMENT_TEAM = HE23288EE8;
				INFOPLIST_FILE = FreeWeddingAppUITests/Info.plist;
				LD_RUNPATH_SEARCH_PATHS = "$(inherited) @executable_path/Frameworks @loader_path/Frameworks";
				PRODUCT_BUNDLE_IDENTIFIER = sc.FreeWeddingAppUITests;
				PRODUCT_NAME = "$(TARGET_NAME)";
				SWIFT_VERSION = 3.0;
				TEST_TARGET_NAME = FreeWeddingApp;
			};
			name = Debug;
		};
		752633821ED95768001BF521 /* Release */ = {
			isa = XCBuildConfiguration;
			buildSettings = {
				ALWAYS_EMBED_SWIFT_STANDARD_LIBRARIES = YES;
				DEVELOPMENT_TEAM = HE23288EE8;
				INFOPLIST_FILE = FreeWeddingAppUITests/Info.plist;
				LD_RUNPATH_SEARCH_PATHS = "$(inherited) @executable_path/Frameworks @loader_path/Frameworks";
				PRODUCT_BUNDLE_IDENTIFIER = sc.FreeWeddingAppUITests;
				PRODUCT_NAME = "$(TARGET_NAME)";
				SWIFT_VERSION = 3.0;
				TEST_TARGET_NAME = FreeWeddingApp;
			};
			name = Release;
		};
/* End XCBuildConfiguration section */

/* Begin XCConfigurationList section */
		7526334D1ED95768001BF521 /* Build configuration list for PBXProject "FreeWeddingApp" */ = {
			isa = XCConfigurationList;
			buildConfigurations = (
				752633781ED95768001BF521 /* Debug */,
				752633791ED95768001BF521 /* Release */,
			);
			defaultConfigurationIsVisible = 0;
			defaultConfigurationName = Release;
		};
		7526337A1ED95768001BF521 /* Build configuration list for PBXNativeTarget "FreeWeddingApp" */ = {
			isa = XCConfigurationList;
			buildConfigurations = (
				7526337B1ED95768001BF521 /* Debug */,
				7526337C1ED95768001BF521 /* Release */,
			);
			defaultConfigurationIsVisible = 0;
			defaultConfigurationName = Release;
		};
		7526337D1ED95768001BF521 /* Build configuration list for PBXNativeTarget "FreeWeddingAppTests" */ = {
			isa = XCConfigurationList;
			buildConfigurations = (
				7526337E1ED95768001BF521 /* Debug */,
				7526337F1ED95768001BF521 /* Release */,
			);
			defaultConfigurationIsVisible = 0;
			defaultConfigurationName = Release;
		};
		752633801ED95768001BF521 /* Build configuration list for PBXNativeTarget "FreeWeddingAppUITests" */ = {
			isa = XCConfigurationList;
			buildConfigurations = (
				752633811ED95768001BF521 /* Debug */,
				752633821ED95768001BF521 /* Release */,
			);
			defaultConfigurationIsVisible = 0;
			defaultConfigurationName = Release;
		};
/* End XCConfigurationList section */
	};
	rootObject = 7526334A1ED95768001BF521 /* Project object */;
}
